{
  "name": "Megs-Italian-Kitchen",
  "lockfileVersion": 2,
  "requires": true,
  "packages": {
    "": {
      "devDependencies": {
        "css-aspect-ratio": "^1.0.5"
      }
    },
    "node_modules/css-aspect-ratio": {
      "version": "1.0.5",
      "resolved": "https://registry.npmjs.org/css-aspect-ratio/-/css-aspect-ratio-1.0.5.tgz",
      "integrity": "sha512-ASq5K/BQqJI99XqGvexJLr/ksyO5U1357cmpU+I2bAWnztJLQ4JPBU2r7B00HPI5kJ6Ux+z944k78l20vqgA+Q==",
      "dev": true
    }
  },
  "dependencies": {
    "css-aspect-ratio": {
      "version": "1.0.5",
      "resolved": "https://registry.npmjs.org/css-aspect-ratio/-/css-aspect-ratio-1.0.5.tgz",
      "integrity": "sha512-ASq5K/BQqJI99XqGvexJLr/ksyO5U1357cmpU+I2bAWnztJLQ4JPBU2r7B00HPI5kJ6Ux+z944k78l20vqgA+Q==",
      "dev": true
    }
  }
}
